lockfileVersion: 5.3

specifiers:
  ags-stream: ^2.1.0
  cheerio: ^1.0.0-rc.10
  geojson2shp: ^0.5.0
  moment: ^2.29.1
  node-fetch: ^3.2.0
  puppeteer: ^13.5.1

dependencies:
  ags-stream: 2.1.0
  cheerio: 1.0.0-rc.10
  geojson2shp: 0.5.0
  moment: 2.29.1
  node-fetch: 3.2.3
  puppeteer: 13.5.1

packages:

  /@types/geojson/1.0.6:
    resolution: {integrity: sha512-Xqg/lIZMrUd0VRmSRbCAewtwGZiAk3mEUDvV4op1tGl+LvyPcb/MIOSxTl9z+9+J+R4/vpjiCAT4xeKzH9ji1w==}
    dev: false

  /@types/node/17.0.21:
    resolution: {integrity: sha512-DBZCJbhII3r90XbQxI8Y9IjjiiOGlZ0Hr32omXIZvwwZ7p4DMMXGrKXVyPfuoBOri9XNtL0UK69jYIBIsRX3QQ==}
    dev: false
    optional: true

  /@types/yauzl/2.9.2:
    resolution: {integrity: sha512-8uALY5LTvSuHgloDVUvWP3pIauILm+8/0pDMokuDYIoNsOkSwd5AiHBTSEJjKTDcZr5z8UpgOWZkxBF4iJftoA==}
    requiresBuild: true
    dependencies:
      '@types/node': 17.0.21
    dev: false
    optional: true

  /JSONStream/1.3.5:
    resolution: {integrity: sha512-E+iruNOY8VV9s4JEbe1aNEm6MiszPRr/UfcHMz0TQh1BXSxHK+ASV1R6W4HpjBhSeS+54PIsAMCBmwD06LLsqQ==}
    hasBin: true
    dependencies:
      jsonparse: 1.3.1
      through: 2.3.8
    dev: false

  /agent-base/6.0.2:
    resolution: {integrity: sha512-RZNwNclF7+MS/8bDg70amg32dyeZGZxiDuQmZxKLAlQjr3jGyLx+4Kkk58UO7D2QdgFIQCovuSuZESne6RG6XQ==}
    engines: {node: '>= 6.0.0'}
    dependencies:
      debug: 4.3.3
    transitivePeerDependencies:
      - supports-color
    dev: false

  /ags-stream/2.1.0:
    resolution: {integrity: sha512-p/XviPp+eImzPb48l3nBWrMTmIzE03uE396PA4tWe9fPvmQTFvrxQf86IjfupCJSWjDOmiSzGp9j22iRlOUyfA==}
    dependencies:
      async: 0.9.2
      lodash: 3.10.1
      request: 2.88.2
      terraformer-arcgis-parser: 1.1.0
    dev: false

  /ajv/6.12.6:
    resolution: {integrity: sha512-j3fVLgvTo527anyYyJOGTYJbG+vnnQYvE0m5mmkc1TK+nxAppkCLMIL0aZ4dblVCNoGShhm+kzE4ZUykBoMg4g==}
    dependencies:
      fast-deep-equal: 3.1.3
      fast-json-stable-stringify: 2.1.0
      json-schema-traverse: 0.4.1
      uri-js: 4.4.1
    dev: false

  /asn1/0.2.6:
    resolution: {integrity: sha512-ix/FxPn0MDjeyJ7i/yoHGFt/EX6LyNbxSEhPPXODPL+KB0VPk86UYfL0lMdy+KCnv+fmvIzySwaK5COwqVbWTQ==}
    dependencies:
      safer-buffer: 2.1.2
    dev: false

  /assert-plus/1.0.0:
    resolution: {integrity: sha1-8S4PPF13sLHN2RRpQuTpbB5N1SU=}
    engines: {node: '>=0.8'}
    dev: false

  /async/0.9.2:
    resolution: {integrity: sha1-rqdNXmHB+JlhO/ZL2mbUx48v0X0=}
    dev: false

  /asynckit/0.4.0:
    resolution: {integrity: sha1-x57Zf380y48robyXkLzDZkdLS3k=}
    dev: false

  /aws-sign2/0.7.0:
    resolution: {integrity: sha1-tG6JCTSpWR8tL2+G1+ap8bP+dqg=}
    dev: false

  /aws4/1.11.0:
    resolution: {integrity: sha512-xh1Rl34h6Fi1DC2WWKfxUTVqRsNnr6LsKz2+hfwDxQJWmrx8+c7ylaqBMcHfl1U1r2dsifOvKX3LQuLNZ+XSvA==}
    dev: false

  /balanced-match/1.0.2:
    resolution: {integrity: sha512-3oSeUO0TMV67hN1AmbXsK4yaqU7tjiHlbxRDZOpH0KW9+CeX4bRAaX0Anxt0tx2MrpRpWwQaPwIlISEJhYU5Pw==}
    dev: false

  /base64-js/1.5.1:
    resolution: {integrity: sha512-AKpaYlHn8t4SVbOHCy+b5+KKgvR4vrsD8vbvrbiQJps7fKDTkjkDry6ji0rUJjC0kzbNePLwzxq8iypo41qeWA==}
    dev: false

  /bcrypt-pbkdf/1.0.2:
    resolution: {integrity: sha1-pDAdOJtqQ/m2f/PKEaP2Y342Dp4=}
    dependencies:
      tweetnacl: 0.14.5
    dev: false

  /bl/4.1.0:
    resolution: {integrity: sha512-1W07cM9gS6DcLperZfFSj+bWLtaPGSOHWhPiGzXmvVJbRLdG82sH/Kn8EtW1VqWVA54AKf2h5k5BbnIbwF3h6w==}
    dependencies:
      buffer: 5.7.1
      inherits: 2.0.4
      readable-stream: 3.6.0
    dev: false

  /boolbase/1.0.0:
    resolution: {integrity: sha1-aN/1++YMUes3cl6p4+0xDcwed24=}
    dev: false

  /brace-expansion/1.1.11:
    resolution: {integrity: sha512-iCuPHDFgrHX7H2vEI/5xpz07zSHB00TpugqhmYtVmMO6518mCuRMoOYFldEBl0g187ufozdaHgWKcYFb61qGiA==}
    dependencies:
      balanced-match: 1.0.2
      concat-map: 0.0.1
    dev: false

  /buffer-crc32/0.2.13:
    resolution: {integrity: sha1-DTM+PwDqxQqhRUq9MO+MKl2ackI=}
    dev: false

  /buffer-from/1.1.2:
    resolution: {integrity: sha512-E+XQCRwSbaaiChtv6k6Dwgc+bx+Bs6vuKJHHl5kox/BaKbhiXzqQOwK4cO22yElGp2OCmjwVhT3HmxgyPGnJfQ==}
    dev: false

  /buffer/5.7.1:
    resolution: {integrity: sha512-EHcyIPBQ4BSGlvjB16k5KgAJ27CIsHY/2JBmCRReo48y9rQ3MaUzWX3KVlBa4U7MyX02HdVj0K7C3WaB3ju7FQ==}
    dependencies:
      base64-js: 1.5.1
      ieee754: 1.2.1
    dev: false

  /caseless/0.12.0:
    resolution: {integrity: sha1-G2gcIf+EAzyCZUMJBolCDRhxUdw=}
    dev: false

  /cheerio-select/1.5.0:
    resolution: {integrity: sha512-qocaHPv5ypefh6YNxvnbABM07KMxExbtbfuJoIie3iZXX1ERwYmJcIiRrr9H05ucQP1k28dav8rpdDgjQd8drg==}
    dependencies:
      css-select: 4.2.1
      css-what: 5.1.0
      domelementtype: 2.2.0
      domhandler: 4.3.0
      domutils: 2.8.0
    dev: false

  /cheerio/1.0.0-rc.10:
    resolution: {integrity: sha512-g0J0q/O6mW8z5zxQ3A8E8J1hUgp4SMOvEoW/x84OwyHKe/Zccz83PVT4y5Crcr530FV6NgmKI1qvGTKVl9XXVw==}
    engines: {node: '>= 6'}
    dependencies:
      cheerio-select: 1.5.0
      dom-serializer: 1.3.2
      domhandler: 4.3.0
      htmlparser2: 6.1.0
      parse5: 6.0.1
      parse5-htmlparser2-tree-adapter: 6.0.1
      tslib: 2.3.1
    dev: false

  /chownr/1.1.4:
    resolution: {integrity: sha512-jJ0bqzaylmJtVnNgzTeSOs8DPavpbYgEr/b0YL8/2GO3xJEhInFmhKMUnEJQjZumK7KXGFhUy89PrsJWlakBVg==}
    dev: false

  /combined-stream/1.0.8:
    resolution: {integrity: sha512-FQN4MRfuJeHf7cBbBMJFXhKSDq+2kAArBlmRBvcvFE5BB1HZKXtSFASDhdlz9zOYwxh8lDdnvmMOe/+5cdoEdg==}
    engines: {node: '>= 0.8'}
    dependencies:
      delayed-stream: 1.0.0
    dev: false

  /concat-map/0.0.1:
    resolution: {integrity: sha1-2Klr13/Wjfd5OnMDajug1UBdR3s=}
    dev: false

  /concat-stream/2.0.0:
    resolution: {integrity: sha512-MWufYdFw53ccGjCA+Ol7XJYpAlW6/prSMzuPOTRnJGcGzuhLn4Scrz7qf6o8bROZ514ltazcIFJZevcfbo0x7A==}
    engines: {'0': node >= 6.0}
    dependencies:
      buffer-from: 1.1.2
      inherits: 2.0.4
      readable-stream: 3.6.0
      typedarray: 0.0.6
    dev: false

  /core-util-is/1.0.2:
    resolution: {integrity: sha1-tf1UIgqivFq1eqtxQMlAdUUDwac=}
    dev: false

  /cross-fetch/3.1.5:
    resolution: {integrity: sha512-lvb1SBsI0Z7GDwmuid+mU3kWVBwTVUbe7S0H52yaaAdQOXq2YktTCZdlAcNKFzE6QtRz0snpw9bNiPeOIkkQvw==}
    dependencies:
      node-fetch: 2.6.7
    transitivePeerDependencies:
      - encoding
    dev: false

  /css-select/4.2.1:
    resolution: {integrity: sha512-/aUslKhzkTNCQUB2qTX84lVmfia9NyjP3WpDGtj/WxhwBzWBYUV3DgUpurHTme8UTPcPlAD1DJ+b0nN/t50zDQ==}
    dependencies:
      boolbase: 1.0.0
      css-what: 5.1.0
      domhandler: 4.3.0
      domutils: 2.8.0
      nth-check: 2.0.1
    dev: false

  /css-what/5.1.0:
    resolution: {integrity: sha512-arSMRWIIFY0hV8pIxZMEfmMI47Wj3R/aWpZDDxWYCPEiOMv6tfOrnpDtgxBYPEQD4V0Y/958+1TdC3iWTFcUPw==}
    engines: {node: '>= 6'}
    dev: false

  /dashdash/1.14.1:
    resolution: {integrity: sha1-hTz6D3y+L+1d4gMmuN1YEDX24vA=}
    engines: {node: '>=0.10'}
    dependencies:
      assert-plus: 1.0.0
    dev: false

  /data-uri-to-buffer/4.0.0:
    resolution: {integrity: sha512-Vr3mLBA8qWmcuschSLAOogKgQ/Jwxulv3RNE4FXnYWRGujzrRWQI4m12fQqRkwX06C0KanhLr4hK+GydchZsaA==}
    engines: {node: '>= 12'}
    dev: false

  /debug/4.3.3:
    resolution: {integrity: sha512-/zxw5+vh1Tfv+4Qn7a5nsbcJKPaSvCDhojn6FEl9vupwK2VCSDtEiEtqr8DFtzYFOdz63LBkxec7DYuc2jon6Q==}
    engines: {node: '>=6.0'}
    peerDependencies:
      supports-color: '*'
    peerDependenciesMeta:
      supports-color:
        optional: true
    dependencies:
      ms: 2.1.2
    dev: false

  /delayed-stream/1.0.0:
    resolution: {integrity: sha1-3zrhmayt+31ECqrgsp4icrJOxhk=}
    engines: {node: '>=0.4.0'}
    dev: false

  /devtools-protocol/0.0.969999:
    resolution: {integrity: sha512-6GfzuDWU0OFAuOvBokXpXPLxjOJ5DZ157Ue3sGQQM3LgAamb8m0R0ruSfN0DDu+XG5XJgT50i6zZ/0o8RglreQ==}
    dev: false

  /dom-serializer/1.3.2:
    resolution: {integrity: sha512-5c54Bk5Dw4qAxNOI1pFEizPSjVsx5+bpJKmL2kPn8JhBUq2q09tTCa3mjijun2NfK78NMouDYNMBkOrPZiS+ig==}
    dependencies:
      domelementtype: 2.2.0
      domhandler: 4.3.0
      entities: 2.2.0
    dev: false

  /domelementtype/2.2.0:
    resolution: {integrity: sha512-DtBMo82pv1dFtUmHyr48beiuq792Sxohr+8Hm9zoxklYPfa6n0Z3Byjj2IV7bmr2IyqClnqEQhfgHJJ5QF0R5A==}
    dev: false

  /domhandler/4.3.0:
    resolution: {integrity: sha512-fC0aXNQXqKSFTr2wDNZDhsEYjCiYsDWl3D01kwt25hm1YIPyDGHvvi3rw+PLqHAl/m71MaiF7d5zvBr0p5UB2g==}
    engines: {node: '>= 4'}
    dependencies:
      domelementtype: 2.2.0
    dev: false

  /domutils/2.8.0:
    resolution: {integrity: sha512-w96Cjofp72M5IIhpjgobBimYEfoPjx1Vx0BSX9P30WBdZW2WIKU0T1Bd0kz2eNZ9ikjKgHbEyKx8BB6H1L3h3A==}
    dependencies:
      dom-serializer: 1.3.2
      domelementtype: 2.2.0
      domhandler: 4.3.0
    dev: false

  /duplexer/0.1.2:
    resolution: {integrity: sha512-jtD6YG370ZCIi/9GTaJKQxWTZD045+4R4hTk/x1UyoqadyJ9x9CgSi1RlVDQF8U2sxLLSnFkCaMihqljHIWgMg==}
    dev: false

  /duplexify/4.1.2:
    resolution: {integrity: sha512-fz3OjcNCHmRP12MJoZMPglx8m4rrFP8rovnk4vT8Fs+aonZoCwGg10dSsQsfP/E62eZcPTMSMP6686fu9Qlqtw==}
    dependencies:
      end-of-stream: 1.4.4
      inherits: 2.0.4
      readable-stream: 3.6.0
      stream-shift: 1.0.1
    dev: false

  /ecc-jsbn/0.1.2:
    resolution: {integrity: sha1-OoOpBOVDUyh4dMVkt1SThoSamMk=}
    dependencies:
      jsbn: 0.1.1
      safer-buffer: 2.1.2
    dev: false

  /end-of-stream/1.4.4:
    resolution: {integrity: sha512-+uw1inIHVPQoaVuHzRyXd21icM+cnt4CzD5rW+NC1wjOUSTOs+Te7FOv7AhN7vS9x/oIyhLP5PR1H+phQAHu5Q==}
    dependencies:
      once: 1.4.0
    dev: false

  /entities/2.2.0:
    resolution: {integrity: sha512-p92if5Nz619I0w+akJrLZH0MX0Pb5DX39XOwQTtXSdQQOaYH03S1uIQp4mhOZtAXrxq4ViO67YTiLBo2638o9A==}
    dev: false

  /epsg-index/1.2.0:
    resolution: {integrity: sha512-oYD3x1LKbOx9alk2khfGO94daYfM9BMQGqw+OWENTF94hutMYLXCM0l/lR5AgU+3j1cg841XnpCewcyMjexing==}
    engines: {node: '>=8'}
    dev: false

  /event-stream/4.0.1:
    resolution: {integrity: sha512-qACXdu/9VHPBzcyhdOWR5/IahhGMf0roTeZJfzz077GwylcDd90yOHLouhmv7GJ5XzPi6ekaQWd8AvPP2nOvpA==}
    dependencies:
      duplexer: 0.1.2
      from: 0.1.7
      map-stream: 0.0.7
      pause-stream: 0.0.11
      split: 1.0.1
      stream-combiner: 0.2.2
      through: 2.3.8
    dev: false

  /extend/3.0.2:
    resolution: {integrity: sha512-fjquC59cD7CyW6urNXK0FBufkZcoiGG80wTuPujX590cB5Ttln20E2UB4S/WARVqhXffZl2LNgS+gQdPIIim/g==}
    dev: false

  /extract-zip/2.0.1:
    resolution: {integrity: sha512-GDhU9ntwuKyGXdZBUgTIe+vXnWj0fppUEtMDL0+idd5Sta8TGpHssn/eusA9mrPr9qNDym6SxAYZjNvCn/9RBg==}
    engines: {node: '>= 10.17.0'}
    hasBin: true
    dependencies:
      debug: 4.3.3
      get-stream: 5.2.0
      yauzl: 2.10.0
    optionalDependencies:
      '@types/yauzl': 2.9.2
    transitivePeerDependencies:
      - supports-color
    dev: false

  /extsprintf/1.3.0:
    resolution: {integrity: sha1-lpGEQOMEGnpBT4xS48V06zw+HgU=}
    engines: {'0': node >=0.6.0}
    dev: false

  /fast-deep-equal/3.1.3:
    resolution: {integrity: sha512-f3qQ9oQy9j2AhBe/H9VC91wLmKBCCU/gDOnKNAYG5hswO7BLKj09Hc5HYNz9cGI++xlpDCIgDaitVs03ATR84Q==}
    dev: false

  /fast-json-stable-stringify/2.1.0:
    resolution: {integrity: sha512-lhd/wF+Lk98HZoTCtlVraHtfh5XYijIjalXck7saUtuanSDyLMxnHhSXEDJqHxD7msR8D0uCmqlkwjCV8xvwHw==}
    dev: false

  /fd-slicer/1.1.0:
    resolution: {integrity: sha1-JcfInLH5B3+IkbvmHY85Dq4lbx4=}
    dependencies:
      pend: 1.2.0
    dev: false

  /fetch-blob/3.1.5:
    resolution: {integrity: sha512-N64ZpKqoLejlrwkIAnb9iLSA3Vx/kjgzpcDhygcqJ2KKjky8nCgUQ+dzXtbrLaWZGZNmNfQTsiQ0weZ1svglHg==}
    engines: {node: ^12.20 || >= 14.13}
    dependencies:
      node-domexception: 1.0.0
      web-streams-polyfill: 3.2.0
    dev: false

  /find-up/4.1.0:
    resolution: {integrity: sha512-PpOwAdQ/YlXQ2vj8a3h8IipDuYRi3wceVQQGYWxNINccq40Anw7BlsEXCMbt1Zt+OLA6Fq9suIpIWD0OsnISlw==}
    engines: {node: '>=8'}
    dependencies:
      locate-path: 5.0.0
      path-exists: 4.0.0
    dev: false

  /forever-agent/0.6.1:
    resolution: {integrity: sha1-+8cfDEGt6zf5bFd60e1C2P2sypE=}
    dev: false

  /form-data/2.3.3:
    resolution: {integrity: sha512-1lLKB2Mu3aGP1Q/2eCOx0fNbRMe7XdwktwOruhfqqd0rIJWwN4Dh+E3hrPSlDCXnSR7UtZ1N38rVXm+6+MEhJQ==}
    engines: {node: '>= 0.12'}
    dependencies:
      asynckit: 0.4.0
      combined-stream: 1.0.8
      mime-types: 2.1.35
    dev: false

  /formdata-polyfill/4.0.10:
    resolution: {integrity: sha512-buewHzMvYL29jdeQTVILecSaZKnt/RJWjoZCF5OW60Z67/GmSLBkOFM7qh1PI3zFNtJbaZL5eQu1vLfazOwj4g==}
    engines: {node: '>=12.20.0'}
    dependencies:
      fetch-blob: 3.1.5
    dev: false

  /from/0.1.7:
    resolution: {integrity: sha1-g8YK/Fi5xWmXAH7Rp2izqzA6RP4=}
    dev: false

  /fs-constants/1.0.0:
    resolution: {integrity: sha512-y6OAwoSIf7FyjMIv94u+b5rdheZEjzR63GTyZJm5qh4Bi+2YgwLCcI/fPFZkL5PSixOt6ZNKm+w+Hfp/Bciwow==}
    dev: false

  /fs.realpath/1.0.0:
    resolution: {integrity: sha1-FQStJSMVjKpA20onh8sBQRmU6k8=}
    dev: false

  /geojson-stream/0.1.0:
    resolution: {integrity: sha512-svSg5fFXPaTiqzEBGXScA+nISaeC9rLvku2PH+wM5LToATUw2bLIrvls43ymnT9Xnp51nBPVyK9m4Af40KpJ7w==}
    dependencies:
      JSONStream: 1.3.5
      through: 2.3.8
    dev: false

  /geojson2shp/0.5.0:
    resolution: {integrity: sha512-EhJTrX8bezsvOR/RR2BpYNGO69meVSoKx7vCUzXHSMf4GfCnACU/9Eblr5DGaNQUhy7olGPqMeBE1HBk1oXjfQ==}
    engines: {node: '>= 12'}
    hasBin: true
    dependencies:
      epsg-index: 1.2.0
      geojson-stream: 0.1.0
      gunzip-stream: 1.0.1
      is-stream: 2.0.1
      pump: 3.0.0
      pumpify: 2.0.1
      reproject: 1.2.6
      yazl: 2.5.1
    dev: false

  /get-stream/5.2.0:
    resolution: {integrity: sha512-nBF+F1rAZVCu/p7rjzgA+Yb4lfYXrpl7a6VmJrU8wF9I1CKvP/QwPNZHnOlwbTkY6dvtFIzFMSyQXbLoTQPRpA==}
    engines: {node: '>=8'}
    dependencies:
      pump: 3.0.0
    dev: false

  /getpass/0.1.7:
    resolution: {integrity: sha1-Xv+OPmhNVprkyysSgmBOi6YhSfo=}
    dependencies:
      assert-plus: 1.0.0
    dev: false

  /glob/7.2.0:
    resolution: {integrity: sha512-lmLf6gtyrPq8tTjSmrO94wBeQbFR3HbLHbuyD69wuyQkImp2hWqMGB47OX65FBkPffO641IP9jWa1z4ivqG26Q==}
    dependencies:
      fs.realpath: 1.0.0
      inflight: 1.0.6
      inherits: 2.0.4
      minimatch: 3.1.2
      once: 1.4.0
      path-is-absolute: 1.0.1
    dev: false

  /gunzip-stream/1.0.1:
    resolution: {integrity: sha512-Hkz9Vd0pAf5JqjpGmNX3R9ZYzxLfFyuaq2f5X867Ki0gcZeryI+njWzZlm6UdbFUvQePgXWPHdweSpV9D7UR4Q==}
    engines: {node: '>= 6'}
    dependencies:
      is-gzip: 2.0.0
    dev: false

  /har-schema/2.0.0:
    resolution: {integrity: sha1-qUwiJOvKwEeCoNkDVSHyRzW37JI=}
    engines: {node: '>=4'}
    dev: false

  /har-validator/5.1.5:
    resolution: {integrity: sha512-nmT2T0lljbxdQZfspsno9hgrG3Uir6Ks5afism62poxqBM6sDnMEuPmzTq8XN0OEwqKLLdh1jQI3qyE66Nzb3w==}
    engines: {node: '>=6'}
    deprecated: this library is no longer supported
    dependencies:
      ajv: 6.12.6
      har-schema: 2.0.0
    dev: false

  /htmlparser2/6.1.0:
    resolution: {integrity: sha512-gyyPk6rgonLFEDGoeRgQNaEUvdJ4ktTmmUh/h2t7s+M8oPpIPxgNACWa+6ESR57kXstwqPiCut0V8NRpcwgU7A==}
    dependencies:
      domelementtype: 2.2.0
      domhandler: 4.3.0
      domutils: 2.8.0
      entities: 2.2.0
    dev: false

  /http-signature/1.2.0:
    resolution: {integrity: sha1-muzZJRFHcvPZW2WmCruPfBj7rOE=}
    engines: {node: '>=0.8', npm: '>=1.3.7'}
    dependencies:
      assert-plus: 1.0.0
      jsprim: 1.4.2
      sshpk: 1.17.0
    dev: false

  /https-proxy-agent/5.0.0:
    resolution: {integrity: sha512-EkYm5BcKUGiduxzSt3Eppko+PiNWNEpa4ySk9vTC6wDsQJW9rHSa+UhGNJoRYp7bz6Ht1eaRIa6QaJqO5rCFbA==}
    engines: {node: '>= 6'}
    dependencies:
      agent-base: 6.0.2
      debug: 4.3.3
    transitivePeerDependencies:
      - supports-color
    dev: false

  /ieee754/1.2.1:
    resolution: {integrity: sha512-dcyqhDvX1C46lXZcVqCpK+FtMRQVdIMN6/Df5js2zouUsqG7I6sFxitIC+7KYK29KdXOLHdu9zL4sFnoVQnqaA==}
    dev: false

  /inflight/1.0.6:
    resolution: {integrity: sha1-Sb1jMdfQLQwJvJEKEHW6gWW1bfk=}
    dependencies:
      once: 1.4.0
      wrappy: 1.0.2
    dev: false

  /inherits/2.0.4:
    resolution: {integrity: sha512-k/vGaX4/Yla3WzyMCvTQOXYeIHvqOKtnqBduzTHpzpQZzAskKMhZ2K+EnBiSM9zGSoIFeMpXKxa4dYeZIQqewQ==}
    dev: false

  /is-gzip/2.0.0:
    resolution: {integrity: sha512-jtO4Njg6q58zDo/Pu4027beSZ0VdsZlt8/5Moco6yAg+DIxb5BK/xUYqYG2+MD4+piKldXJNHxRkhEYI2fvrxA==}
    engines: {node: '>=4'}
    dev: false

  /is-stream/2.0.1:
    resolution: {integrity: sha512-hFoiJiTl63nn+kstHGBtewWSKnQLpyb155KHheA1l39uvtO9nWIop1p3udqPcUd/xbF1VLMO4n7OI6p7RbngDg==}
    engines: {node: '>=8'}
    dev: false

  /is-typedarray/1.0.0:
    resolution: {integrity: sha1-5HnICFjfDBsR3dppQPlgEfzaSpo=}
    dev: false

  /isstream/0.1.2:
    resolution: {integrity: sha1-R+Y/evVa+m+S4VAOaQ64uFKcCZo=}
    dev: false

  /jsbn/0.1.1:
    resolution: {integrity: sha1-peZUwuWi3rXyAdls77yoDA7y9RM=}
    dev: false

  /json-schema-traverse/0.4.1:
    resolution: {integrity: sha512-xbbCH5dCYU5T8LcEhhuh7HJ88HXuW3qsI3Y0zOZFKfZEHcpWiHU/Jxzk629Brsab/mMiHQti9wMP+845RPe3Vg==}
    dev: false

  /json-schema/0.4.0:
    resolution: {integrity: sha512-es94M3nTIfsEPisRafak+HDLfHXnKBhV3vU5eqPcS3flIWqcxJWgXHXiey3YrpaNsanY5ei1VoYEbOzijuq9BA==}
    dev: false

  /json-stringify-safe/5.0.1:
    resolution: {integrity: sha1-Epai1Y/UXxmg9s4B1lcB4sc1tus=}
    dev: false

  /jsonparse/1.3.1:
    resolution: {integrity: sha1-P02uSpH6wxX3EGL4UhzCOfE2YoA=}
    engines: {'0': node >= 0.2.0}
    dev: false

  /jsprim/1.4.2:
    resolution: {integrity: sha512-P2bSOMAc/ciLz6DzgjVlGJP9+BrJWu5UDGK70C2iweC5QBIeFf0ZXRvGjEj2uYgrY2MkAAhsSWHDWlFtEroZWw==}
    engines: {node: '>=0.6.0'}
    dependencies:
      assert-plus: 1.0.0
      extsprintf: 1.3.0
      json-schema: 0.4.0
      verror: 1.10.0
    dev: false

  /locate-path/5.0.0:
    resolution: {integrity: sha512-t7hw9pI+WvuwNJXwk5zVHpyhIqzg2qTlklJOf0mVxGSbe3Fp2VieZcduNYjaLDoy6p9uGpQEGWG87WpMKlNq8g==}
    engines: {node: '>=8'}
    dependencies:
      p-locate: 4.1.0
    dev: false

  /lodash/3.10.1:
    resolution: {integrity: sha1-W/Rejkm6QYnhfUgnid/RW9FAt7Y=}
    dev: false

  /map-stream/0.0.7:
    resolution: {integrity: sha1-ih8HiW2CsQkmvTdEokIACfiJdKg=}
    dev: false

  /mgrs/1.0.0:
    resolution: {integrity: sha1-+5FYjnjJACVnI5XLQLJffNatGCk=}
    dev: false

  /mime-db/1.52.0:
    resolution: {integrity: sha512-sPU4uV7dYlvtWJxwwxHD0PuihVNiE7TyAbQ5SWxDCB9mUYvOgroQOwYQQOKPJ8CIbE+1ETVlOoK1UC2nU3gYvg==}
    engines: {node: '>= 0.6'}
    dev: false

  /mime-types/2.1.35:
    resolution: {integrity: sha512-ZDY+bPm5zTTF+YpCrAU9nK0UgICYPT0QtT1NZWFv4s++TNkcgVaT0g6+4R2uI4MjQjzysHB1zxuWL50hzaeXiw==}
    engines: {node: '>= 0.6'}
    dependencies:
      mime-db: 1.52.0
    dev: false

  /minimatch/3.1.2:
    resolution: {integrity: sha512-J7p63hRiAjw1NDEww1W7i37+ByIrOWO5XQQAzZ3VOcL0PNybwpfmV/N05zFAzwQ9USyEcX6t3UO+K5aqBQOIHw==}
    dependencies:
      brace-expansion: 1.1.11
    dev: false

  /minimist/1.2.6:
    resolution: {integrity: sha512-Jsjnk4bw3YJqYzbdyBiNsPWHPfO++UGG749Cxs6peCu5Xg4nrena6OVxOYxrQTqww0Jmwt+Ref8rggumkTLz9Q==}
    dev: false

  /mkdirp-classic/0.5.3:
    resolution: {integrity: sha512-gKLcREMhtuZRwRAfqP3RFW+TK4JqApVBtOIftVgjuABpAtpxhPGaDcfvbhNvD0B8iD1oUr/txX35NjcaY6Ns/A==}
    dev: false

  /moment/2.29.1:
    resolution: {integrity: sha512-kHmoybcPV8Sqy59DwNDY3Jefr64lK/by/da0ViFcuA4DH0vQg5Q6Ze5VimxkfQNSC+Mls/Kx53s7TjP1RhFEDQ==}
    dev: false

  /ms/2.1.2:
    resolution: {integrity: sha512-sGkPx+VjMtmA6MX27oA4FBFELFCZZ4S4XqeGOXCv68tT+jb3vk/RyaKWP0PTKyWtmLSM0b+adUTEvbs1PEaH2w==}
    dev: false

  /node-domexception/1.0.0:
    resolution: {integrity: sha512-/jKZoMpw0F8GRwl4/eLROPA3cfcXtLApP0QzLmUT/HuPCZWyB7IY9ZrMeKw2O/nFIqPQB3PVM9aYm0F312AXDQ==}
    engines: {node: '>=10.5.0'}
    dev: false

  /node-fetch/2.6.7:
    resolution: {integrity: sha512-ZjMPFEfVx5j+y2yF35Kzx5sF7kDzxuDj6ziH4FFbOp87zKDZNx8yExJIb05OGF4Nlt9IHFIMBkRl41VdvcNdbQ==}
    engines: {node: 4.x || >=6.0.0}
    peerDependencies:
      encoding: ^0.1.0
    peerDependenciesMeta:
      encoding:
        optional: true
    dependencies:
      whatwg-url: 5.0.0
    dev: false

  /node-fetch/3.2.3:
    resolution: {integrity: sha512-AXP18u4pidSZ1xYXRDPY/8jdv3RAozIt/WLNR/MBGZAz+xjtlr90RvCnsvHQRiXyWliZF/CpytExp32UU67/SA==}
    engines: {node: ^12.20.0 || ^14.13.1 || >=16.0.0}
    dependencies:
      data-uri-to-buffer: 4.0.0
      fetch-blob: 3.1.5
      formdata-polyfill: 4.0.10
    dev: false

  /nth-check/2.0.1:
    resolution: {integrity: sha512-it1vE95zF6dTT9lBsYbxvqh0Soy4SPowchj0UBGj/V6cTPnXXtQOPUbhZ6CmGzAD/rW22LQK6E96pcdJXk4A4w==}
    dependencies:
      boolbase: 1.0.0
    dev: false

  /oauth-sign/0.9.0:
    resolution: {integrity: sha512-fexhUFFPTGV8ybAtSIGbV6gOkSv8UtRbDBnAyLQw4QPKkgNlsH2ByPGtMUqdWkos6YCRmAqViwgZrJc/mRDzZQ==}
    dev: false

  /once/1.4.0:
    resolution: {integrity: sha1-WDsap3WWHUsROsF9nFC6753Xa9E=}
    dependencies:
      wrappy: 1.0.2
    dev: false

  /p-limit/2.3.0:
    resolution: {integrity: sha512-//88mFWSJx8lxCzwdAABTJL2MyWB12+eIY7MDL2SqLmAkeKU9qxRvWuSyTjm3FUmpBEMuFfckAIqEaVGUDxb6w==}
    engines: {node: '>=6'}
    dependencies:
      p-try: 2.2.0
    dev: false

  /p-locate/4.1.0:
    resolution: {integrity: sha512-R79ZZ/0wAxKGu3oYMlz8jy/kbhsNrS7SKZ7PxEHBgJ5+F2mtFW2fK2cOtBh1cHYkQsbzFV7I+EoRKe6Yt0oK7A==}
    engines: {node: '>=8'}
    dependencies:
      p-limit: 2.3.0
    dev: false

  /p-try/2.2.0:
    resolution: {integrity: sha512-R4nPAVTAU0B9D35/Gk3uJf/7XYbQcyohSKdvAxIRSNghFl4e71hVoGnBNQz9cWaXxO2I10KTC+3jMdvvoKw6dQ==}
    engines: {node: '>=6'}
    dev: false

  /parse5-htmlparser2-tree-adapter/6.0.1:
    resolution: {integrity: sha512-qPuWvbLgvDGilKc5BoicRovlT4MtYT6JfJyBOMDsKoiT+GiuP5qyrPCnR9HcPECIJJmZh5jRndyNThnhhb/vlA==}
    dependencies:
      parse5: 6.0.1
    dev: false

  /parse5/6.0.1:
    resolution: {integrity: sha512-Ofn/CTFzRGTTxwpNEs9PP93gXShHcTq255nzRYSKe8AkVpZY7e1fpmTfOyoIvjP5HG7Z2ZM7VS9PPhQGW2pOpw==}
    dev: false

  /path-exists/4.0.0:
    resolution: {integrity: sha512-ak9Qy5Q7jYb2Wwcey5Fpvg2KoAc/ZIhLSLOSBmRmygPsGwkVVt0fZa0qrtMz+m6tJTAHfZQ8FnmB4MG4LWy7/w==}
    engines: {node: '>=8'}
    dev: false

  /path-is-absolute/1.0.1:
    resolution: {integrity: sha1-F0uSaHNVNP+8es5r9TpanhtcX18=}
    engines: {node: '>=0.10.0'}
    dev: false

  /pause-stream/0.0.11:
    resolution: {integrity: sha1-/lo0sMvOErWqaitAPuLnO2AvFEU=}
    dependencies:
      through: 2.3.8
    dev: false

  /pend/1.2.0:
    resolution: {integrity: sha1-elfrVQpng/kRUzH89GY9XI4AelA=}
    dev: false

  /performance-now/2.1.0:
    resolution: {integrity: sha1-Ywn04OX6kT7BxpMHrjZLSzd8nns=}
    dev: false

  /pkg-dir/4.2.0:
    resolution: {integrity: sha512-HRDzbaKjC+AOWVXxAU/x54COGeIv9eb+6CkDSQoNTt4XyWoIJvuPsXizxu/Fr23EiekbtZwmh1IcIG/l/a10GQ==}
    engines: {node: '>=8'}
    dependencies:
      find-up: 4.1.0
    dev: false

  /progress/2.0.3:
    resolution: {integrity: sha512-7PiHtLll5LdnKIMw100I+8xJXR5gW2QwWYkT6iJva0bXitZKa/XMrSbdmg3r2Xnaidz9Qumd0VPaMrZlF9V9sA==}
    engines: {node: '>=0.4.0'}
    dev: false

  /proj4/2.8.0:
    resolution: {integrity: sha512-baC+YcD4xsSqJ+CpCZljj2gcQDhlKb+J+Zjv/2KSBwWNjk4M0pafgQsE+mWurd84tflMIsP+7j7mtIpFDHzQfQ==}
    dependencies:
      mgrs: 1.0.0
      wkt-parser: 1.3.2
    dev: false

  /proxy-from-env/1.1.0:
    resolution: {integrity: sha512-D+zkORCbA9f1tdWRK0RaCR3GPv50cMxcrz4X8k5LTSUD1Dkw47mKJEZQNunItRTkWwgtaUSo1RVFRIG9ZXiFYg==}
    dev: false

  /psl/1.8.0:
    resolution: {integrity: sha512-RIdOzyoavK+hA18OGGWDqUTsCLhtA7IcZ/6NCs4fFJaHBDab+pDDmDIByWFRQJq2Cd7r1OoQxBGKOaztq+hjIQ==}
    dev: false

  /pump/3.0.0:
    resolution: {integrity: sha512-LwZy+p3SFs1Pytd/jYct4wpv49HiYCqd9Rlc5ZVdk0V+8Yzv6jR5Blk3TRmPL1ft69TxP0IMZGJ+WPFU2BFhww==}
    dependencies:
      end-of-stream: 1.4.4
      once: 1.4.0
    dev: false

  /pumpify/2.0.1:
    resolution: {integrity: sha512-m7KOje7jZxrmutanlkS1daj1dS6z6BgslzOXmcSEpIlCxM3VJH7lG5QLeck/6hgF6F4crFf01UtQmNsJfweTAw==}
    dependencies:
      duplexify: 4.1.2
      inherits: 2.0.4
      pump: 3.0.0
    dev: false

  /punycode/2.1.1:
    resolution: {integrity: sha512-XRsRjdf+j5ml+y/6GKHPZbrF/8p2Yga0JPtdqTIY2Xe5ohJPD9saDJJLPvp9+NSBprVvevdXZybnj2cv8OEd0A==}
    engines: {node: '>=6'}
    dev: false

  /puppeteer/13.5.1:
    resolution: {integrity: sha512-wWxO//vMiqxlvuzHMAJ0pRJeDHvDtM7DQpW1GKdStz2nZo2G42kOXBDgkmQ+zqjwMCFofKGesBeeKxIkX9BO+w==}
    engines: {node: '>=10.18.1'}
    requiresBuild: true
    dependencies:
      cross-fetch: 3.1.5
      debug: 4.3.3
      devtools-protocol: 0.0.969999
      extract-zip: 2.0.1
      https-proxy-agent: 5.0.0
      pkg-dir: 4.2.0
      progress: 2.0.3
      proxy-from-env: 1.1.0
      rimraf: 3.0.2
      tar-fs: 2.1.1
      unbzip2-stream: 1.4.3
      ws: 8.5.0
    transitivePeerDependencies:
      - bufferutil
      - encoding
      - supports-color
      - utf-8-validate
    dev: false

  /qs/6.5.3:
    resolution: {integrity: sha512-qxXIEh4pCGfHICj1mAJQ2/2XVZkjCDTcEgfoSQxc/fYivUZxTkk7L3bDBJSoNrEzXI17oUO5Dp07ktqE5KzczA==}
    engines: {node: '>=0.6'}
    dev: false

  /readable-stream/3.6.0:
    resolution: {integrity: sha512-BViHy7LKeTz4oNnkcLJ+lVSL6vpiFeX6/d3oSH8zCW7UxP2onchk+vTGB143xuFjHS3deTgkKoXXymXqymiIdA==}
    engines: {node: '>= 6'}
    dependencies:
      inherits: 2.0.4
      string_decoder: 1.3.0
      util-deprecate: 1.0.2
    dev: false

  /reproject/1.2.6:
    resolution: {integrity: sha512-OqUwL51rpfckWTndHezDXuMDu6dcql6zghhUFjM63slz4xC9oo4BskFY6T1AFMCZ+YJIB1UdJU0vagAkRwcAFg==}
    hasBin: true
    dependencies:
      concat-stream: 2.0.0
      event-stream: 4.0.1
      geojson-stream: 0.1.0
      minimist: 1.2.6
      proj4: 2.8.0
    dev: false

  /request/2.88.2:
    resolution: {integrity: sha512-MsvtOrfG9ZcrOwAW+Qi+F6HbD0CWXEh9ou77uOb7FM2WPhwT7smM833PzanhJLsgXjN89Ir6V2PczXNnMpwKhw==}
    engines: {node: '>= 6'}
    deprecated: request has been deprecated, see https://github.com/request/request/issues/3142
    dependencies:
      aws-sign2: 0.7.0
      aws4: 1.11.0
      caseless: 0.12.0
      combined-stream: 1.0.8
      extend: 3.0.2
      forever-agent: 0.6.1
      form-data: 2.3.3
      har-validator: 5.1.5
      http-signature: 1.2.0
      is-typedarray: 1.0.0
      isstream: 0.1.2
      json-stringify-safe: 5.0.1
      mime-types: 2.1.35
      oauth-sign: 0.9.0
      performance-now: 2.1.0
      qs: 6.5.3
      safe-buffer: 5.2.1
      tough-cookie: 2.5.0
      tunnel-agent: 0.6.0
      uuid: 3.4.0
    dev: false

  /rimraf/3.0.2:
    resolution: {integrity: sha512-JZkJMZkAGFFPP2YqXZXPbMlMBgsxzE8ILs4lMIX/2o0L9UBw9O/Y3o6wFw/i9YLapcUJWwqbi3kdxIPdC62TIA==}
    hasBin: true
    dependencies:
      glob: 7.2.0
    dev: false

  /safe-buffer/5.2.1:
    resolution: {integrity: sha512-rp3So07KcdmmKbGvgaNxQSJr7bGVSVk5S9Eq1F+ppbRo70+YeaDxkw5Dd8NPN+GD6bjnYm2VuPuCXmpuYvmCXQ==}
    dev: false

  /safer-buffer/2.1.2:
    resolution: {integrity: sha512-YZo3K82SD7Riyi0E1EQPojLz7kpepnSQI9IyPbHHg1XXXevb5dJI7tpyN2ADxGcQbHG7vcyRHk0cbwqcQriUtg==}
    dev: false

  /split/1.0.1:
    resolution: {integrity: sha512-mTyOoPbrivtXnwnIxZRFYRrPNtEFKlpB2fvjSnCQUiAA6qAZzqwna5envK4uk6OIeP17CsdF3rSBGYVBsU0Tkg==}
    dependencies:
      through: 2.3.8
    dev: false

  /sshpk/1.17.0:
    resolution: {integrity: sha512-/9HIEs1ZXGhSPE8X6Ccm7Nam1z8KcoCqPdI7ecm1N33EzAetWahvQWVqLZtaZQ+IDKX4IyA2o0gBzqIMkAagHQ==}
    engines: {node: '>=0.10.0'}
    hasBin: true
    dependencies:
      asn1: 0.2.6
      assert-plus: 1.0.0
      bcrypt-pbkdf: 1.0.2
      dashdash: 1.14.1
      ecc-jsbn: 0.1.2
      getpass: 0.1.7
      jsbn: 0.1.1
      safer-buffer: 2.1.2
      tweetnacl: 0.14.5
    dev: false

  /stream-combiner/0.2.2:
    resolution: {integrity: sha1-rsjLrBd7Vrb0+kec7YwZEs7lKFg=}
    dependencies:
      duplexer: 0.1.2
      through: 2.3.8
    dev: false

  /stream-shift/1.0.1:
    resolution: {integrity: sha512-AiisoFqQ0vbGcZgQPY1cdP2I76glaVA/RauYR4G4thNFgkTqr90yXTo4LYX60Jl+sIlPNHHdGSwo01AvbKUSVQ==}
    dev: false

  /string_decoder/1.3.0:
    resolution: {integrity: sha512-hkRX8U1WjJFd8LsDJ2yQ/wWWxaopEsABU1XfkM8A+j0+85JAGppt16cr1Whg6KIbb4okU6Mql6BOj+uup/wKeA==}
    dependencies:
      safe-buffer: 5.2.1
    dev: false

  /tar-fs/2.1.1:
    resolution: {integrity: sha512-V0r2Y9scmbDRLCNex/+hYzvp/zyYjvFbHPNgVTKfQvVrb6guiE/fxP+XblDNR011utopbkex2nM4dHNV6GDsng==}
    dependencies:
      chownr: 1.1.4
      mkdirp-classic: 0.5.3
      pump: 3.0.0
      tar-stream: 2.2.0
    dev: false

  /tar-stream/2.2.0:
    resolution: {integrity: sha512-ujeqbceABgwMZxEJnk2HDY2DlnUZ+9oEcb1KzTVfYHio0UE6dG71n60d8D2I4qNvleWrrXpmjpt7vZeF1LnMZQ==}
    engines: {node: '>=6'}
    dependencies:
      bl: 4.1.0
      end-of-stream: 1.4.4
      fs-constants: 1.0.0
      inherits: 2.0.4
      readable-stream: 3.6.0
    dev: false

  /terraformer-arcgis-parser/1.1.0:
    resolution: {integrity: sha512-bvxEtpiS22Lz1ciaXP/MMLTlJkrHWLBV/y7VBeTLHtZnz/Ngq4wF3RqrpjzP6ojJjxvcdDlvs+UFs3wicoT1Vg==}
    deprecated: terraformer-arcgis-parser is deprecated and no longer supported. Please use @terraformer/arcgis.
    dependencies:
      '@types/geojson': 1.0.6
      terraformer: 1.0.12
    dev: false

  /terraformer/1.0.12:
    resolution: {integrity: sha512-MokUp0+MFal4CmJDVL6VAO1bKegeXcBM2RnPVfqcFIp2IIv8EbPAjG0j/vEy/vuKB8NVMMSF2vfpVS/QLe4DBg==}
    engines: {node: '>=4.2.6'}
    deprecated: terraformer is deprecated and no longer supported. Please use @terraformer/arcgis.
    optionalDependencies:
      '@types/geojson': 1.0.6
    dev: false

  /through/2.3.8:
    resolution: {integrity: sha1-DdTJ/6q8NXlgsbckEV1+Doai4fU=}
    dev: false

  /tough-cookie/2.5.0:
    resolution: {integrity: sha512-nlLsUzgm1kfLXSXfRZMc1KLAugd4hqJHDTvc2hDIwS3mZAfMEuMbc03SujMF+GEcpaX/qboeycw6iO8JwVv2+g==}
    engines: {node: '>=0.8'}
    dependencies:
      psl: 1.8.0
      punycode: 2.1.1
    dev: false

  /tr46/0.0.3:
    resolution: {integrity: sha1-gYT9NH2snNwYWZLzpmIuFLnZq2o=}
    dev: false

  /tslib/2.3.1:
    resolution: {integrity: sha512-77EbyPPpMz+FRFRuAFlWMtmgUWGe9UOG2Z25NqCwiIjRhOf5iKGuzSe5P2w1laq+FkRy4p+PCuVkJSGkzTEKVw==}
    dev: false

  /tunnel-agent/0.6.0:
    resolution: {integrity: sha1-J6XeoGs2sEoKmWZ3SykIaPD8QP0=}
    dependencies:
      safe-buffer: 5.2.1
    dev: false

  /tweetnacl/0.14.5:
    resolution: {integrity: sha1-WuaBd/GS1EViadEIr6k/+HQ/T2Q=}
    dev: false

  /typedarray/0.0.6:
    resolution: {integrity: sha1-hnrHTjhkGHsdPUfZlqeOxciDB3c=}
    dev: false

  /unbzip2-stream/1.4.3:
    resolution: {integrity: sha512-mlExGW4w71ebDJviH16lQLtZS32VKqsSfk80GCfUlwT/4/hNRFsoscrF/c++9xinkMzECL1uL9DDwXqFWkruPg==}
    dependencies:
      buffer: 5.7.1
      through: 2.3.8
    dev: false

  /uri-js/4.4.1:
    resolution: {integrity: sha512-7rKUyy33Q1yc98pQ1DAmLtwX109F7TIfWlW1Ydo8Wl1ii1SeHieeh0HHfPeL2fMXK6z0s8ecKs9frCuLJvndBg==}
    dependencies:
      punycode: 2.1.1
    dev: false

  /util-deprecate/1.0.2:
    resolution: {integrity: sha1-RQ1Nyfpw3nMnYvvS1KKJgUGaDM8=}
    dev: false

  /uuid/3.4.0:
    resolution: {integrity: sha512-HjSDRw6gZE5JMggctHBcjVak08+KEVhSIiDzFnT9S9aegmp85S/bReBVTb4QTFaRNptJ9kuYaNhnbNEOkbKb/A==}
    deprecated: Please upgrade  to version 7 or higher.  Older versions may use Math.random() in certain circumstances, which is known to be problematic.  See https://v8.dev/blog/math-random for details.
    hasBin: true
    dev: false

  /verror/1.10.0:
    resolution: {integrity: sha1-OhBcoXBTr1XW4nDB+CiGguGNpAA=}
    engines: {'0': node >=0.6.0}
    dependencies:
      assert-plus: 1.0.0
      core-util-is: 1.0.2
      extsprintf: 1.3.0
    dev: false

  /web-streams-polyfill/3.2.0:
    resolution: {integrity: sha512-EqPmREeOzttaLRm5HS7io98goBgZ7IVz79aDvqjD0kYXLtFZTc0T/U6wHTPKyIjb+MdN7DFIIX6hgdBEpWmfPA==}
    engines: {node: '>= 8'}
    dev: false

  /webidl-conversions/3.0.1:
    resolution: {integrity: sha1-JFNCdeKnvGvnvIZhHMFq4KVlSHE=}
    dev: false

  /whatwg-url/5.0.0:
    resolution: {integrity: sha1-lmRU6HZUYuN2RNNib2dCzotwll0=}
    dependencies:
      tr46: 0.0.3
      webidl-conversions: 3.0.1
    dev: false

  /wkt-parser/1.3.2:
    resolution: {integrity: sha512-A26BOOo7sHAagyxG7iuRhnKMO7Q3mEOiOT4oGUmohtN/Li5wameeU4S6f8vWw6NADTVKljBs8bzA8JPQgSEMVQ==}
    dev: false

  /wrappy/1.0.2:
    resolution: {integrity: sha1-tSQ9jz7BqjXxNkYFvA0QNuMKtp8=}
    dev: false

  /ws/8.5.0:
    resolution: {integrity: sha512-BWX0SWVgLPzYwF8lTzEy1egjhS4S4OEAHfsO8o65WOVsrnSRGaSiUaa9e0ggGlkMTtBlmOpEXiie9RUcBO86qg==}
    engines: {node: '>=10.0.0'}
    peerDependencies:
      bufferutil: ^4.0.1
      utf-8-validate: ^5.0.2
    peerDependenciesMeta:
      bufferutil:
        optional: true
      utf-8-validate:
        optional: true
    dev: false

  /yauzl/2.10.0:
    resolution: {integrity: sha1-x+sXyT4RLLEIb6bY5R+wZnt5pfk=}
    dependencies:
      buffer-crc32: 0.2.13
      fd-slicer: 1.1.0
    dev: false

  /yazl/2.5.1:
    resolution: {integrity: sha512-phENi2PLiHnHb6QBVot+dJnaAZ0xosj7p3fWl+znIjBDlnMI2PsZCJZ306BPTFOaHf5qdDEI8x5qFrSOBN5vrw==}
    dependencies:
      buffer-crc32: 0.2.13
    dev: false
